
Microsoft Visual Studio Solution File, Format Version 12.00
# Visual Studio Version 17
VisualStudioVersion = 17.8.34330.188
MinimumVisualStudioVersion = 10.0.40219.1
Project("{FAE04EC0-301F-11D3-BF4B-00C04F79EFBC}") = "BankaUygulamasıFurkan", "BankaUygulamasıFurkan\BankaUygulamasıFurkan.csproj", "{42CC42BA-3BFD-4F51-BC34-B5EE2B7AC256}"
EndProject
Global
	GlobalSection(SolutionConfigurationPlatforms) = preSolution
		Debug|Any CPU = Debug|Any CPU
		Release|Any CPU = Release|Any CPU
	EndGlobalSection
	GlobalSection(ProjectConfigurationPlatforms) = postSolution
		{42CC42BA-3BFD-4F51-BC34-B5EE2B7AC256}.Debug|Any CPU.ActiveCfg = Debug|Any CPU
		{42CC42BA-3BFD-4F51-BC34-B5EE2B7AC256}.Debug|Any CPU.Build.0 = Debug|Any CPU
		{42CC42BA-3BFD-4F51-BC34-B5EE2B7AC256}.Release|Any CPU.ActiveCfg = Release|Any CPU
		{42CC42BA-3BFD-4F51-BC34-B5EE2B7AC256}.Release|Any CPU.Build.0 = Release|Any CPU
	EndGlobalSection
	GlobalSection(SolutionProperties) = preSolution
		HideSolutionNode = FALSE
	EndGlobalSection
	GlobalSection(ExtensibilityGlobals) = postSolution
		SolutionGuid = {9644B58B-66E5-46C1-AD63-C33B0F508BB2}
	EndGlobalSection
EndGlobal
